{
  "blockchain/lib/chainlink": {
    "rev": "9ff0a86778e44f2ca5f6e98c131128c29f161a1e"
  },
  "blockchain/lib/forge-std": {
    "rev": "620536fa5277db4e3fd46772d5cbc1ea0696fb43"
  },
  "blockchain/lib/openzeppelin-contracts": {
    "rev": "5fd1781b1454fd1ef8e722282f86f9293cacf256"
  },
  "blockchain/lib/v2-periphery": {
    "rev": "ed24991304291297c3b4a52818d02f46a17aa9a2"
  },
  "lib/chainlink-brownie-contracts": {
    "tag": {
      "name": "1.3.0",
      "rev": "5cb41fbc9b525338b6098da5ea7dd0b7e92f89e4"
    }
  }
}